
Microsoft Visual Studio Solution File, Format Version 12.00
# Visual Studio 15
VisualStudioVersion = 15.0.26430.14
MinimumVisualStudioVersion = 10.0.40219.1
Project("{FAE04EC0-301F-11D3-BF4B-00C04F79EFBC}") = "ExchangeRate.WinService", "ExchangeRate.WinService\ExchangeRate.WinService.csproj", "{FA9B9C6F-921E-4E47-A21C-A49A26EF0FA7}"
EndProject
Project("{FAE04EC0-301F-11D3-BF4B-00C04F79EFBC}") = "ExchangeRate.Manager", "ExchangeRate.Manager\ExchangeRate.Manager.csproj", "{AA841822-E96A-4999-9997-02F26DFA254D}"
EndProject
Project("{FAE04EC0-301F-11D3-BF4B-00C04F79EFBC}") = "ExchangeRate.Model", "ExchangeRate.Model\ExchangeRate.Model.csproj", "{4330B7A6-5733-46F3-9D7E-8C766015822E}"
EndProject
Global
	GlobalSection(SolutionConfigurationPlatforms) = preSolution
		Debug|Any CPU = Debug|Any CPU
		Release|Any CPU = Release|Any CPU
	EndGlobalSection
	GlobalSection(ProjectConfigurationPlatforms) = postSolution
		{FA9B9C6F-921E-4E47-A21C-A49A26EF0FA7}.Debug|Any CPU.ActiveCfg = Debug|Any CPU
		{FA9B9C6F-921E-4E47-A21C-A49A26EF0FA7}.Debug|Any CPU.Build.0 = Debug|Any CPU
		{FA9B9C6F-921E-4E47-A21C-A49A26EF0FA7}.Release|Any CPU.ActiveCfg = Release|Any CPU
		{FA9B9C6F-921E-4E47-A21C-A49A26EF0FA7}.Release|Any CPU.Build.0 = Release|Any CPU
		{AA841822-E96A-4999-9997-02F26DFA254D}.Debug|Any CPU.ActiveCfg = Debug|Any CPU
		{AA841822-E96A-4999-9997-02F26DFA254D}.Debug|Any CPU.Build.0 = Debug|Any CPU
		{AA841822-E96A-4999-9997-02F26DFA254D}.Release|Any CPU.ActiveCfg = Release|Any CPU
		{AA841822-E96A-4999-9997-02F26DFA254D}.Release|Any CPU.Build.0 = Release|Any CPU
		{4330B7A6-5733-46F3-9D7E-8C766015822E}.Debug|Any CPU.ActiveCfg = Debug|Any CPU
		{4330B7A6-5733-46F3-9D7E-8C766015822E}.Debug|Any CPU.Build.0 = Debug|Any CPU
		{4330B7A6-5733-46F3-9D7E-8C766015822E}.Release|Any CPU.ActiveCfg = Release|Any CPU
		{4330B7A6-5733-46F3-9D7E-8C766015822E}.Release|Any CPU.Build.0 = Release|Any CPU
	EndGlobalSection
	GlobalSection(SolutionProperties) = preSolution
		HideSolutionNode = FALSE
	EndGlobalSection
	GlobalSection(ExtensibilityGlobals) = postSolution
		SolutionGuid = {EF9FEE2C-8A5F-474F-AFC6-6E60CABCEF43}
	EndGlobalSection
EndGlobal
